Microsoft Visual Studio Solution File, Format Version 12.00
# Visual Studio Version 16
VisualStudioVersion = 16.0.31205.134
MinimumVisualStudioVersion = 10.0.40219.1

Project("{FAE04EC0-301F-11D3-BF4B-00C04F79EFBC}") = "HelloWorld", "HelloWorld\HelloWorld.csproj", "{C2152B77-DC67-42E4-8ECD-8A5B4F7A3D47}"
EndProject

Global
    GlobalSection(SolutionProperties) = preSolution
        HideSolutionNode = FALSE
    EndGlobalSection
    GlobalSection(ProjectConfigurationPlatforms) = postSolution
        {C2152B77-DC67-42E4-8ECD-8A5B4F7A3D47}.Debug|Any CPU.ActiveCfg = Debug|Any CPU
        {C2152B77-DC67-42E4-8ECD-8A5B4F7A3D47}.Debug|Any CPU.Build.0 = Debug|Any CPU
        {C2152B77-DC67-42E4-8ECD-8A5B4F7A3D47}.Release|Any CPU.ActiveCfg = Release|Any CPU
        {C2152B77-DC67-42E4-8ECD-8A5B4F7A3D47}.Release|Any CPU.Build.0 = Release|Any CPU
    EndGlobalSection
    GlobalSection(SolutionProperties) = preSolution
        HideSolutionNode = FALSE
    EndGlobalSection
    GlobalSection(ProjectConfigurationPlatforms) = postSolution
        {C2152B77-DC67-42E4-8ECD-8A5B4F7A3D47}.Debug|Any CPU.ActiveCfg = Debug|Any CPU
        {C2152B77-DC67-42E4-8ECD-8A5B4F7A3D47}.Debug|Any CPU.Build.0 = Debug|Any CPU
        {C2152B77-DC67-42E4-8ECD-8A5B4F7A3D47}.Release|Any CPU.ActiveCfg = Release|Any CPU
        {C2152B77-DC67-42E4-8ECD-8A5B4F7A3D47}.Release|Any CPU.Build.0 = Release|Any CPU
    EndGlobalSection
EndGlobal
